
Microsoft Visual Studio Solution File, Format Version 12.00
# Visual Studio Version 17
VisualStudioVersion = 17.9.34728.123
MinimumVisualStudioVersion = 10.0.40219.1
Project("{FAE04EC0-301F-11D3-BF4B-00C04F79EFBC}") = "ClnFerreteria", "ClnFerreteria\ClnFerreteria.csproj", "{CDF38242-F7EA-4644-B9D6-10C9606A875E}"
EndProject
Project("{FAE04EC0-301F-11D3-BF4B-00C04F79EFBC}") = "CpFerreteria", "CpFerreteria\CpFerreteria.csproj", "{7C3E7FE3-EFE1-489C-912E-19CA1ECE27A8}"
EndProject
Project("{FAE04EC0-301F-11D3-BF4B-00C04F79EFBC}") = "CadFerreteria", "CadFerreteria\CadFerreteria.csproj", "{E35F4F69-FCAC-4700-9432-0F594E6120CC}"
EndProject
Project("{FAE04EC0-301F-11D3-BF4B-00C04F79EFBC}") = "WebFerreteria", "WebFerreteria\WebFerreteria.csproj", "{2A6E3DD1-CE51-45C9-8DDD-93EBEACE2820}"
EndProject
Global
	GlobalSection(SolutionConfigurationPlatforms) = preSolution
		Debug|Any CPU = Debug|Any CPU
		Release|Any CPU = Release|Any CPU
	EndGlobalSection
	GlobalSection(ProjectConfigurationPlatforms) = postSolution
		{CDF38242-F7EA-4644-B9D6-10C9606A875E}.Debug|Any CPU.ActiveCfg = Debug|Any CPU
		{CDF38242-F7EA-4644-B9D6-10C9606A875E}.Debug|Any CPU.Build.0 = Debug|Any CPU
		{CDF38242-F7EA-4644-B9D6-10C9606A875E}.Release|Any CPU.ActiveCfg = Release|Any CPU
		{CDF38242-F7EA-4644-B9D6-10C9606A875E}.Release|Any CPU.Build.0 = Release|Any CPU
		{7C3E7FE3-EFE1-489C-912E-19CA1ECE27A8}.Debug|Any CPU.ActiveCfg = Debug|Any CPU
		{7C3E7FE3-EFE1-489C-912E-19CA1ECE27A8}.Debug|Any CPU.Build.0 = Debug|Any CPU
		{7C3E7FE3-EFE1-489C-912E-19CA1ECE27A8}.Release|Any CPU.ActiveCfg = Release|Any CPU
		{7C3E7FE3-EFE1-489C-912E-19CA1ECE27A8}.Release|Any CPU.Build.0 = Release|Any CPU
		{E35F4F69-FCAC-4700-9432-0F594E6120CC}.Debug|Any CPU.ActiveCfg = Debug|Any CPU
		{E35F4F69-FCAC-4700-9432-0F594E6120CC}.Debug|Any CPU.Build.0 = Debug|Any CPU
		{E35F4F69-FCAC-4700-9432-0F594E6120CC}.Release|Any CPU.ActiveCfg = Release|Any CPU
		{E35F4F69-FCAC-4700-9432-0F594E6120CC}.Release|Any CPU.Build.0 = Release|Any CPU
		{2A6E3DD1-CE51-45C9-8DDD-93EBEACE2820}.Debug|Any CPU.ActiveCfg = Debug|Any CPU
		{2A6E3DD1-CE51-45C9-8DDD-93EBEACE2820}.Debug|Any CPU.Build.0 = Debug|Any CPU
		{2A6E3DD1-CE51-45C9-8DDD-93EBEACE2820}.Release|Any CPU.ActiveCfg = Release|Any CPU
		{2A6E3DD1-CE51-45C9-8DDD-93EBEACE2820}.Release|Any CPU.Build.0 = Release|Any CPU
	EndGlobalSection
	GlobalSection(SolutionProperties) = preSolution
		HideSolutionNode = FALSE
	EndGlobalSection
	GlobalSection(ExtensibilityGlobals) = postSolution
		SolutionGuid = {4C7484A8-74C7-4404-940A-3ACE9BA1D993}
	EndGlobalSection
EndGlobal
