
Microsoft Visual Studio Solution File, Format Version 12.00
# Visual Studio Version 17
VisualStudioVersion = 17.9.34728.123
MinimumVisualStudioVersion = 10.0.40219.1
Project("{9A19103F-16F7-4668-BE54-9A1E7A4F7556}") = "CadFerreteria", "CadFerreteria\CadFerreteria.csproj", "{466B90C2-10DE-4FD3-953B-2BF922E3E85B}"
EndProject
Project("{FAE04EC0-301F-11D3-BF4B-00C04F79EFBC}") = "ClnFerreteria", "ClnFerreteria\ClnFerreteria.csproj", "{CDF38242-F7EA-4644-B9D6-10C9606A875E}"
EndProject
Global
	GlobalSection(SolutionConfigurationPlatforms) = preSolution
		Debug|Any CPU = Debug|Any CPU
		Release|Any CPU = Release|Any CPU
	EndGlobalSection
	GlobalSection(ProjectConfigurationPlatforms) = postSolution
		{466B90C2-10DE-4FD3-953B-2BF922E3E85B}.Debug|Any CPU.ActiveCfg = Debug|Any CPU
		{466B90C2-10DE-4FD3-953B-2BF922E3E85B}.Debug|Any CPU.Build.0 = Debug|Any CPU
		{466B90C2-10DE-4FD3-953B-2BF922E3E85B}.Release|Any CPU.ActiveCfg = Release|Any CPU
		{466B90C2-10DE-4FD3-953B-2BF922E3E85B}.Release|Any CPU.Build.0 = Release|Any CPU
		{CDF38242-F7EA-4644-B9D6-10C9606A875E}.Debug|Any CPU.ActiveCfg = Debug|Any CPU
		{CDF38242-F7EA-4644-B9D6-10C9606A875E}.Debug|Any CPU.Build.0 = Debug|Any CPU
		{CDF38242-F7EA-4644-B9D6-10C9606A875E}.Release|Any CPU.ActiveCfg = Release|Any CPU
		{CDF38242-F7EA-4644-B9D6-10C9606A875E}.Release|Any CPU.Build.0 = Release|Any CPU
	EndGlobalSection
	GlobalSection(SolutionProperties) = preSolution
		HideSolutionNode = FALSE
	EndGlobalSection
	GlobalSection(ExtensibilityGlobals) = postSolution
		SolutionGuid = {4C7484A8-74C7-4404-940A-3ACE9BA1D993}
	EndGlobalSection
EndGlobal
